
Microsoft Visual Studio Solution File, Format Version 12.00
# Visual Studio Version 16
VisualStudioVersion = 16.0.29709.97
MinimumVisualStudioVersion = 10.0.40219.1
Project("{FAE04EC0-301F-11D3-BF4B-00C04F79EFBC}") = "MoviesLibrary", "MoviesLibrary\MoviesLibrary.csproj", "{0DA7B059-9168-4D01-97F8-FAE8CCD57758}"
EndProject
Global
	GlobalSection(SolutionConfigurationPlatforms) = preSolution
		Debug|Any CPU = Debug|Any CPU
		Release|Any CPU = Release|Any CPU
	EndGlobalSection
	GlobalSection(ProjectConfigurationPlatforms) = postSolution
		{0DA7B059-9168-4D01-97F8-FAE8CCD57758}.Debug|Any CPU.ActiveCfg = Debug|Any CPU
		{0DA7B059-9168-4D01-97F8-FAE8CCD57758}.Debug|Any CPU.Build.0 = Debug|Any CPU
		{0DA7B059-9168-4D01-97F8-FAE8CCD57758}.Release|Any CPU.ActiveCfg = Release|Any CPU
		{0DA7B059-9168-4D01-97F8-FAE8CCD57758}.Release|Any CPU.Build.0 = Release|Any CPU
	EndGlobalSection
	GlobalSection(SolutionProperties) = preSolution
		HideSolutionNode = FALSE
	EndGlobalSection
	GlobalSection(ExtensibilityGlobals) = postSolution
		SolutionGuid = {722D06BE-075E-490A-9AA6-FA3D4BF55A8F}
	EndGlobalSection
EndGlobal
